
Microsoft Visual Studio Solution File, Format Version 12.00
# Visual Studio 15
VisualStudioVersion = 15.0.28307.572
MinimumVisualStudioVersion = 10.0.40219.1
Project("{FAE04EC0-301F-11D3-BF4B-00C04F79EFBC}") = "Hiper.Cobranca.Dados", "Hiper.Cobranca.Dados\Hiper.Cobranca.Dados.csproj", "{E91E12CA-7601-4340-82DF-F5485440B6E7}"
EndProject
Project("{FAE04EC0-301F-11D3-BF4B-00C04F79EFBC}") = "Hiper.Cobranca.GoogleAgenda", "Hiper.Cobranca.GoogleAgenda\Hiper.Cobranca.GoogleAgenda.csproj", "{5E022564-505B-4AC2-9D46-76427EF542F6}"
EndProject
Project("{FAE04EC0-301F-11D3-BF4B-00C04F79EFBC}") = "Hiper.Cobranca.Negocio", "Hiper.Cobranca.Negocio\Hiper.Cobranca.Negocio.csproj", "{5A3325CC-B12F-4A4C-BAF2-13CAB7E6B483}"
EndProject
Project("{FAE04EC0-301F-11D3-BF4B-00C04F79EFBC}") = "Hiper.Cobranca.Dados.Models", "Hiper.Cobranca.Dados.Models\Hiper.Cobranca.Dados.Models.csproj", "{F5B24842-CC97-49CD-A76B-23DBA9E37B5B}"
EndProject
Project("{FAE04EC0-301F-11D3-BF4B-00C04F79EFBC}") = "Hiper.Cobranca.Windows", "Hiper.Cobranca.Windows\Hiper.Cobranca.Windows.csproj", "{83CF53F5-6570-4610-AEEC-3B61CE2CD2A2}"
EndProject
Global
	GlobalSection(SolutionConfigurationPlatforms) = preSolution
		Debug|Any CPU = Debug|Any CPU
		Release|Any CPU = Release|Any CPU
	EndGlobalSection
	GlobalSection(ProjectConfigurationPlatforms) = postSolution
		{E91E12CA-7601-4340-82DF-F5485440B6E7}.Debug|Any CPU.ActiveCfg = Debug|Any CPU
		{E91E12CA-7601-4340-82DF-F5485440B6E7}.Debug|Any CPU.Build.0 = Debug|Any CPU
		{E91E12CA-7601-4340-82DF-F5485440B6E7}.Release|Any CPU.ActiveCfg = Release|Any CPU
		{E91E12CA-7601-4340-82DF-F5485440B6E7}.Release|Any CPU.Build.0 = Release|Any CPU
		{5E022564-505B-4AC2-9D46-76427EF542F6}.Debug|Any CPU.ActiveCfg = Debug|Any CPU
		{5E022564-505B-4AC2-9D46-76427EF542F6}.Debug|Any CPU.Build.0 = Debug|Any CPU
		{5E022564-505B-4AC2-9D46-76427EF542F6}.Release|Any CPU.ActiveCfg = Release|Any CPU
		{5E022564-505B-4AC2-9D46-76427EF542F6}.Release|Any CPU.Build.0 = Release|Any CPU
		{5A3325CC-B12F-4A4C-BAF2-13CAB7E6B483}.Debug|Any CPU.ActiveCfg = Debug|Any CPU
		{5A3325CC-B12F-4A4C-BAF2-13CAB7E6B483}.Debug|Any CPU.Build.0 = Debug|Any CPU
		{5A3325CC-B12F-4A4C-BAF2-13CAB7E6B483}.Release|Any CPU.ActiveCfg = Release|Any CPU
		{5A3325CC-B12F-4A4C-BAF2-13CAB7E6B483}.Release|Any CPU.Build.0 = Release|Any CPU
		{F5B24842-CC97-49CD-A76B-23DBA9E37B5B}.Debug|Any CPU.ActiveCfg = Debug|Any CPU
		{F5B24842-CC97-49CD-A76B-23DBA9E37B5B}.Debug|Any CPU.Build.0 = Debug|Any CPU
		{F5B24842-CC97-49CD-A76B-23DBA9E37B5B}.Release|Any CPU.ActiveCfg = Release|Any CPU
		{F5B24842-CC97-49CD-A76B-23DBA9E37B5B}.Release|Any CPU.Build.0 = Release|Any CPU
		{83CF53F5-6570-4610-AEEC-3B61CE2CD2A2}.Debug|Any CPU.ActiveCfg = Debug|Any CPU
		{83CF53F5-6570-4610-AEEC-3B61CE2CD2A2}.Debug|Any CPU.Build.0 = Debug|Any CPU
		{83CF53F5-6570-4610-AEEC-3B61CE2CD2A2}.Release|Any CPU.ActiveCfg = Release|Any CPU
		{83CF53F5-6570-4610-AEEC-3B61CE2CD2A2}.Release|Any CPU.Build.0 = Release|Any CPU
	EndGlobalSection
	GlobalSection(SolutionProperties) = preSolution
		HideSolutionNode = FALSE
	EndGlobalSection
	GlobalSection(ExtensibilityGlobals) = postSolution
		SolutionGuid = {D795E153-DB56-40FB-AE83-ECD8D0AAB4CD}
	EndGlobalSection
EndGlobal
